
Microsoft Visual Studio Solution File, Format Version 12.00
Project("{FAE04EC0-301F-11D3-BF4B-00C04F79EFBC}") = "SteamKeyBulkActivator", "SteamKeyBulkActivator\SteamKeyBulkActivator.csproj", "{7B3132C5-B816-481E-9497-966D12BA67FE}"
EndProject
Global
	GlobalSection(SolutionConfigurationPlatforms) = preSolution
		Debug|Any CPU = Debug|Any CPU
		Release|Any CPU = Release|Any CPU
	EndGlobalSection
	GlobalSection(ProjectConfigurationPlatforms) = postSolution
		{7B3132C5-B816-481E-9497-966D12BA67FE}.Debug|Any CPU.ActiveCfg = Debug|Any CPU
		{7B3132C5-B816-481E-9497-966D12BA67FE}.Debug|Any CPU.Build.0 = Debug|Any CPU
		{7B3132C5-B816-481E-9497-966D12BA67FE}.Release|Any CPU.ActiveCfg = Release|Any CPU
		{7B3132C5-B816-481E-9497-966D12BA67FE}.Release|Any CPU.Build.0 = Release|Any CPU
	EndGlobalSection
EndGlobal
